PODS:
  - CocoaLumberjack/Default (3.2.0)
  - CocoaLumberjack/Swift (3.2.0):
    - CocoaLumberjack/Default
  - Color-Picker-for-iOS (2.0.2)

DEPENDENCIES:
  - CocoaLumberjack/Swift
  - Color-Picker-for-iOS (~> 2.0)

SPEC CHECKSUMS:
  CocoaLumberjack: 9b4aed7073d242f29cc2f62068d995faf67f703a
  Color-Picker-for-iOS: 4980589b3e3cfe7198f227dd50be9adb02d8bc0b

PODFILE CHECKSUM: 725cabbf114745999f6a85a4a4b02260283b0847

COCOAPODS: 1.2.1
