// !$*UTF8*$!
{
	archiveVersion = 1;
	classes = {
	};
	objectVersion = 46;
	objects = {

/* Begin PBXBuildFile section */
		023D3D541F25D4BB00A889EC /* Dispatcher.swift in Sources */ = {isa = PBXBuildFile; fileRef = 023D3D531F25D4BB00A889EC /* Dispatcher.swift */; };
		023D3D561F25E51C00A889EC /* FetchOperation.swift in Sources */ = {isa = PBXBuildFile; fileRef = 023D3D551F25E51C00A889EC /* FetchOperation.swift */; };
		023D3D631F26010000A889EC /* UITableViewOperations.swift in Sources */ = {isa = PBXBuildFile; fileRef = 023D3D621F26010000A889EC /* UITableViewOperations.swift */; };
		023D3D671F262F7B00A889EC /* EraseOutdatedOperation.swift in Sources */ = {isa = PBXBuildFile; fileRef = 023D3D661F262F7B00A889EC /* EraseOutdatedOperation.swift */; };
		024E056F1F1DD8B0000FCD27 /* Note+JSONConvertable.swift in Sources */ = {isa = PBXBuildFile; fileRef = 024E056E1F1DD8B0000FCD27 /* Note+JSONConvertable.swift */; };
		024E05751F1DDBFF000FCD27 /* Notebook+FileStorageSupport.swift in Sources */ = {isa = PBXBuildFile; fileRef = 024E05741F1DDBFF000FCD27 /* Notebook+FileStorageSupport.swift */; };
		024E05771F1DDD5B000FCD27 /* NotebookError.swift in Sources */ = {isa = PBXBuildFile; fileRef = 024E05761F1DDD5B000FCD27 /* NotebookError.swift */; };
		027042A51F21DAD90041D96B /* Injectable.swift in Sources */ = {isa = PBXBuildFile; fileRef = 027042A41F21DAD90041D96B /* Injectable.swift */; };
		027042A91F223F070041D96B /* NoteCollection.swift in Sources */ = {isa = PBXBuildFile; fileRef = 027042A81F223F070041D96B /* NoteCollection.swift */; };
		027042AE1F2514020041D96B /* AsyncOperation.swift in Sources */ = {isa = PBXBuildFile; fileRef = 027042AD1F2514020041D96B /* AsyncOperation.swift */; };
		027042B01F25C11F0041D96B /* CoreDataOperationsManager.swift in Sources */ = {isa = PBXBuildFile; fileRef = 027042AF1F25C11F0041D96B /* CoreDataOperationsManager.swift */; };
		027042B21F25C73A0041D96B /* AddOperation.swift in Sources */ = {isa = PBXBuildFile; fileRef = 027042B11F25C73A0041D96B /* AddOperation.swift */; };
		027042B41F25CC6E0041D96B /* RemoveOperation.swift in Sources */ = {isa = PBXBuildFile; fileRef = 027042B31F25CC6E0041D96B /* RemoveOperation.swift */; };
		027042B61F25CCE80041D96B /* UpdateNoteOperation.swift in Sources */ = {isa = PBXBuildFile; fileRef = 027042B51F25CCE80041D96B /* UpdateNoteOperation.swift */; };
		0275505F1F1DEFA3007E483F /* CoreDataManager.swift in Sources */ = {isa = PBXBuildFile; fileRef = 0275505E1F1DEFA3007E483F /* CoreDataManager.swift */; };
		029186831F150FFB001099DD /* AppDelegate.swift in Sources */ = {isa = PBXBuildFile; fileRef = 029186821F150FFB001099DD /* AppDelegate.swift */; };
		029186881F150FFB001099DD /* Main.storyboard in Resources */ = {isa = PBXBuildFile; fileRef = 029186861F150FFB001099DD /* Main.storyboard */; };
		0291868D1F150FFB001099DD /* Assets.xcassets in Resources */ = {isa = PBXBuildFile; fileRef = 0291868C1F150FFB001099DD /* Assets.xcassets */; };
		029186901F150FFB001099DD /* LaunchScreen.storyboard in Resources */ = {isa = PBXBuildFile; fileRef = 0291868E1F150FFB001099DD /* LaunchScreen.storyboard */; };
		0291869B1F150FFB001099DD /* NoteTests.swift in Sources */ = {isa = PBXBuildFile; fileRef = 0291869A1F150FFB001099DD /* NoteTests.swift */; };
		029186A61F150FFB001099DD /* NotesUITests.swift in Sources */ = {isa = PBXBuildFile; fileRef = 029186A51F150FFB001099DD /* NotesUITests.swift */; };
		029186B41F154D8F001099DD /* NotebookTests.swift in Sources */ = {isa = PBXBuildFile; fileRef = 029186B31F154D8F001099DD /* NotebookTests.swift */; };
		029186B71F1554F9001099DD /* Note.swift in Sources */ = {isa = PBXBuildFile; fileRef = 029186B61F1554F9001099DD /* Note.swift */; };
		029186B91F15550A001099DD /* Notebook.swift in Sources */ = {isa = PBXBuildFile; fileRef = 029186B81F15550A001099DD /* Notebook.swift */; };
		029186BE1F1610E3001099DD /* UIColorExtensionTests.swift in Sources */ = {isa = PBXBuildFile; fileRef = 029186BD1F1610E3001099DD /* UIColorExtensionTests.swift */; };
		029186C11F164F62001099DD /* ListTableViewController.swift in Sources */ = {isa = PBXBuildFile; fileRef = 029186C01F164F62001099DD /* ListTableViewController.swift */; };
		029186C31F165543001099DD /* DetailViewController.swift in Sources */ = {isa = PBXBuildFile; fileRef = 029186C21F165543001099DD /* DetailViewController.swift */; };
		029186C71F16C704001099DD /* ListTableViewCell.swift in Sources */ = {isa = PBXBuildFile; fileRef = 029186C61F16C704001099DD /* ListTableViewCell.swift */; };
		02A3F78F1F1E28A5004DEF99 /* UIColorExtension.swift in Sources */ = {isa = PBXBuildFile; fileRef = 02A3F78E1F1E28A5004DEF99 /* UIColorExtension.swift */; };
		02A3F7911F1E28F4004DEF99 /* DateExtension.swift in Sources */ = {isa = PBXBuildFile; fileRef = 02A3F7901F1E28F4004DEF99 /* DateExtension.swift */; };
		02A3F7971F1F3C7C004DEF99 /* NotebookEntity+CoreDataClass.swift in Sources */ = {isa = PBXBuildFile; fileRef = 02A3F7931F1F3C7C004DEF99 /* NotebookEntity+CoreDataClass.swift */; };
		02A3F7981F1F3C7C004DEF99 /* NotebookEntity+CoreDataProperties.swift in Sources */ = {isa = PBXBuildFile; fileRef = 02A3F7941F1F3C7C004DEF99 /* NotebookEntity+CoreDataProperties.swift */; };
		02A3F7991F1F3C7C004DEF99 /* NoteEntity+CoreDataClass.swift in Sources */ = {isa = PBXBuildFile; fileRef = 02A3F7951F1F3C7C004DEF99 /* NoteEntity+CoreDataClass.swift */; };
		02A3F79A1F1F3C7C004DEF99 /* NoteEntity+CoreDataProperties.swift in Sources */ = {isa = PBXBuildFile; fileRef = 02A3F7961F1F3C7C004DEF99 /* NoteEntity+CoreDataProperties.swift */; };
		02A3F7AD1F1F6405004DEF99 /* Notes.xcdatamodeld in Sources */ = {isa = PBXBuildFile; fileRef = 02A3F7AB1F1F6405004DEF99 /* Notes.xcdatamodeld */; };
		02A3F7B01F1F75FC004DEF99 /* CoreDataTests.swift in Sources */ = {isa = PBXBuildFile; fileRef = 02A3F7AF1F1F75FC004DEF99 /* CoreDataTests.swift */; };
		02A3F7B21F1F82FC004DEF99 /* Variables.swift in Sources */ = {isa = PBXBuildFile; fileRef = 02A3F7B11F1F82FC004DEF99 /* Variables.swift */; };
		02A3F7B91F1F888F004DEF99 /* Notes 2to3.xcmappingmodel in Sources */ = {isa = PBXBuildFile; fileRef = 02A3F7B81F1F888F004DEF99 /* Notes 2to3.xcmappingmodel */; };
		02FCC2EB1F273A2200EB08B9 /* GetOperation.swift in Sources */ = {isa = PBXBuildFile; fileRef = 02FCC2EA1F273A2200EB08B9 /* GetOperation.swift */; };
		02FCC2EE1F273E2C00EB08B9 /* BackendConfiguration.swift in Sources */ = {isa = PBXBuildFile; fileRef = 02FCC2ED1F273E2C00EB08B9 /* BackendConfiguration.swift */; };
		02FCC2F01F273F8300EB08B9 /* PostOperation.swift in Sources */ = {isa = PBXBuildFile; fileRef = 02FCC2EF1F273F8300EB08B9 /* PostOperation.swift */; };
		02FCC2F21F273F9400EB08B9 /* PutOperation.swift in Sources */ = {isa = PBXBuildFile; fileRef = 02FCC2F11F273F9400EB08B9 /* PutOperation.swift */; };
		02FCC2F41F273FA600EB08B9 /* DeleteOperation.swift in Sources */ = {isa = PBXBuildFile; fileRef = 02FCC2F31F273FA600EB08B9 /* DeleteOperation.swift */; };
		02FCC2F71F27643400EB08B9 /* LoginViewController.swift in Sources */ = {isa = PBXBuildFile; fileRef = 02FCC2F61F27643400EB08B9 /* LoginViewController.swift */; };
		18CC4CC33911433E977722C3 /* Pods_NotesUITests.framework in Frameworks */ = {isa = PBXBuildFile; fileRef = FF76875C7BCE9785FD1F65B3 /* Pods_NotesUITests.framework */; };
		7A80E486B627A81278E16FF6 /* Pods_NotesTests.framework in Frameworks */ = {isa = PBXBuildFile; fileRef = F05E4155B4D5032A156A2A04 /* Pods_NotesTests.framework */; };
		8D8BB4694D2E2C4A7715FDCC /* Pods_Notes.framework in Frameworks */ = {isa = PBXBuildFile; fileRef = 8C22440DCC8DC2427C97DAAC /* Pods_Notes.framework */; };
/* End PBXBuildFile section */

/* Begin PBXContainerItemProxy section */
		029186971F150FFB001099DD /* PBXContainerItemProxy */ = {
			isa = PBXContainerItemProxy;
			containerPortal = 029186771F150FFB001099DD /* Project object */;
			proxyType = 1;
			remoteGlobalIDString = 0291867E1F150FFB001099DD;
			remoteInfo = Notes;
		};
		029186A21F150FFB001099DD /* PBXContainerItemProxy */ = {
			isa = PBXContainerItemProxy;
			containerPortal = 029186771F150FFB001099DD /* Project object */;
			proxyType = 1;
			remoteGlobalIDString = 0291867E1F150FFB001099DD;
			remoteInfo = Notes;
		};
/* End PBXContainerItemProxy section */

/* Begin PBXFileReference section */
		023D3D531F25D4BB00A889EC /* Dispatcher.swift */ = {isa = PBXFileReference; fileEncoding = 4; lastKnownFileType = sourcecode.swift; path = Dispatcher.swift; sourceTree = "<group>"; };
		023D3D551F25E51C00A889EC /* FetchOperation.swift */ = {isa = PBXFileReference; fileEncoding = 4; lastKnownFileType = sourcecode.swift; path = FetchOperation.swift; sourceTree = "<group>"; };
		023D3D621F26010000A889EC /* UITableViewOperations.swift */ = {isa = PBXFileReference; fileEncoding = 4; lastKnownFileType = sourcecode.swift; path = UITableViewOperations.swift; sourceTree = "<group>"; };
		023D3D661F262F7B00A889EC /* EraseOutdatedOperation.swift */ = {isa = PBXFileReference; fileEncoding = 4; lastKnownFileType = sourcecode.swift; path = EraseOutdatedOperation.swift; sourceTree = "<group>"; };
		024E056E1F1DD8B0000FCD27 /* Note+JSONConvertable.swift */ = {isa = PBXFileReference; fileEncoding = 4; lastKnownFileType = sourcecode.swift; path = "Note+JSONConvertable.swift"; sourceTree = "<group>"; };
		024E05741F1DDBFF000FCD27 /* Notebook+FileStorageSupport.swift */ = {isa = PBXFileReference; fileEncoding = 4; lastKnownFileType = sourcecode.swift; path = "Notebook+FileStorageSupport.swift"; sourceTree = "<group>"; };
		024E05761F1DDD5B000FCD27 /* NotebookError.swift */ = {isa = PBXFileReference; fileEncoding = 4; lastKnownFileType = sourcecode.swift; path = NotebookError.swift; sourceTree = "<group>"; };
		027042A31F2096810041D96B /* Notes 5.xcdatamodel */ = {isa = PBXFileReference; lastKnownFileType = wrapper.xcdatamodel; path = "Notes 5.xcdatamodel"; sourceTree = "<group>"; };
		027042A41F21DAD90041D96B /* Injectable.swift */ = {isa = PBXFileReference; fileEncoding = 4; lastKnownFileType = sourcecode.swift; path = Injectable.swift; sourceTree = "<group>"; };
		027042A81F223F070041D96B /* NoteCollection.swift */ = {isa = PBXFileReference; fileEncoding = 4; lastKnownFileType = sourcecode.swift; path = NoteCollection.swift; sourceTree = "<group>"; };
		027042AD1F2514020041D96B /* AsyncOperation.swift */ = {isa = PBXFileReference; fileEncoding = 4; lastKnownFileType = sourcecode.swift; path = AsyncOperation.swift; sourceTree = "<group>"; };
		027042AF1F25C11F0041D96B /* CoreDataOperationsManager.swift */ = {isa = PBXFileReference; fileEncoding = 4; lastKnownFileType = sourcecode.swift; path = CoreDataOperationsManager.swift; sourceTree = "<group>"; };
		027042B11F25C73A0041D96B /* AddOperation.swift */ = {isa = PBXFileReference; fileEncoding = 4; lastKnownFileType = sourcecode.swift; path = AddOperation.swift; sourceTree = "<group>"; };
		027042B31F25CC6E0041D96B /* RemoveOperation.swift */ = {isa = PBXFileReference; fileEncoding = 4; lastKnownFileType = sourcecode.swift; path = RemoveOperation.swift; sourceTree = "<group>"; };
		027042B51F25CCE80041D96B /* UpdateNoteOperation.swift */ = {isa = PBXFileReference; fileEncoding = 4; lastKnownFileType = sourcecode.swift; path = UpdateNoteOperation.swift; sourceTree = "<group>"; };
		0275505E1F1DEFA3007E483F /* CoreDataManager.swift */ = {isa = PBXFileReference; fileEncoding = 4; lastKnownFileType = sourcecode.swift; path = CoreDataManager.swift; sourceTree = "<group>"; };
		0291867F1F150FFB001099DD /* Notes.app */ = {isa = PBXFileReference; explicitFileType = wrapper.application; includeInIndex = 0; path = Notes.app; sourceTree = BUILT_PRODUCTS_DIR; };
		029186821F150FFB001099DD /* AppDelegate.swift */ = {isa = PBXFileReference; lastKnownFileType = sourcecode.swift; path = AppDelegate.swift; sourceTree = "<group>"; };
		029186871F150FFB001099DD /* Base */ = {isa = PBXFileReference; lastKnownFileType = file.storyboard; name = Base; path = Base.lproj/Main.storyboard; sourceTree = "<group>"; };
		0291868C1F150FFB001099DD /* Assets.xcassets */ = {isa = PBXFileReference; lastKnownFileType = folder.assetcatalog; path = Assets.xcassets; sourceTree = "<group>"; };
		0291868F1F150FFB001099DD /* Base */ = {isa = PBXFileReference; lastKnownFileType = file.storyboard; name = Base; path = Base.lproj/LaunchScreen.storyboard; sourceTree = "<group>"; };
		029186911F150FFB001099DD /* Info.plist */ = {isa = PBXFileReference; lastKnownFileType = text.plist.xml; path = Info.plist; sourceTree = "<group>"; };
		029186961F150FFB001099DD /* NotesTests.xctest */ = {isa = PBXFileReference; explicitFileType = wrapper.cfbundle; includeInIndex = 0; path = NotesTests.xctest; sourceTree = BUILT_PRODUCTS_DIR; };
		0291869A1F150FFB001099DD /* NoteTests.swift */ = {isa = PBXFileReference; lastKnownFileType = sourcecode.swift; path = NoteTests.swift; sourceTree = "<group>"; };
		0291869C1F150FFB001099DD /* Info.plist */ = {isa = PBXFileReference; lastKnownFileType = text.plist.xml; path = Info.plist; sourceTree = "<group>"; };
		029186A11F150FFB001099DD /* NotesUITests.xctest */ = {isa = PBXFileReference; explicitFileType = wrapper.cfbundle; includeInIndex = 0; path = NotesUITests.xctest; sourceTree = BUILT_PRODUCTS_DIR; };
		029186A51F150FFB001099DD /* NotesUITests.swift */ = {isa = PBXFileReference; lastKnownFileType = sourcecode.swift; path = NotesUITests.swift; sourceTree = "<group>"; };
		029186A71F150FFB001099DD /* Info.plist */ = {isa = PBXFileReference; lastKnownFileType = text.plist.xml; path = Info.plist; sourceTree = "<group>"; };
		029186B31F154D8F001099DD /* NotebookTests.swift */ = {isa = PBXFileReference; fileEncoding = 4; lastKnownFileType = sourcecode.swift; path = NotebookTests.swift; sourceTree = "<group>"; };
		029186B61F1554F9001099DD /* Note.swift */ = {isa = PBXFileReference; fileEncoding = 4; lastKnownFileType = sourcecode.swift; path = Note.swift; sourceTree = "<group>"; };
		029186B81F15550A001099DD /* Notebook.swift */ = {isa = PBXFileReference; fileEncoding = 4; lastKnownFileType = sourcecode.swift; path = Notebook.swift; sourceTree = "<group>"; };
		029186BD1F1610E3001099DD /* UIColorExtensionTests.swift */ = {isa = PBXFileReference; fileEncoding = 4; lastKnownFileType = sourcecode.swift; path = UIColorExtensionTests.swift; sourceTree = "<group>"; };
		029186C01F164F62001099DD /* ListTableViewController.swift */ = {isa = PBXFileReference; fileEncoding = 4; lastKnownFileType = sourcecode.swift; path = ListTableViewController.swift; sourceTree = "<group>"; };
		029186C21F165543001099DD /* DetailViewController.swift */ = {isa = PBXFileReference; fileEncoding = 4; lastKnownFileType = sourcecode.swift; path = DetailViewController.swift; sourceTree = "<group>"; };
		029186C61F16C704001099DD /* ListTableViewCell.swift */ = {isa = PBXFileReference; fileEncoding = 4; lastKnownFileType = sourcecode.swift; path = ListTableViewCell.swift; sourceTree = "<group>"; };
		02A3F78E1F1E28A5004DEF99 /* UIColorExtension.swift */ = {isa = PBXFileReference; fileEncoding = 4; lastKnownFileType = sourcecode.swift; path = UIColorExtension.swift; sourceTree = "<group>"; };
		02A3F7901F1E28F4004DEF99 /* DateExtension.swift */ = {isa = PBXFileReference; fileEncoding = 4; lastKnownFileType = sourcecode.swift; path = DateExtension.swift; sourceTree = "<group>"; };
		02A3F7931F1F3C7C004DEF99 /* NotebookEntity+CoreDataClass.swift */ = {isa = PBXFileReference; fileEncoding = 4; lastKnownFileType = sourcecode.swift; path = "NotebookEntity+CoreDataClass.swift"; sourceTree = "<group>"; };
		02A3F7941F1F3C7C004DEF99 /* NotebookEntity+CoreDataProperties.swift */ = {isa = PBXFileReference; fileEncoding = 4; lastKnownFileType = sourcecode.swift; path = "NotebookEntity+CoreDataProperties.swift"; sourceTree = "<group>"; };
		02A3F7951F1F3C7C004DEF99 /* NoteEntity+CoreDataClass.swift */ = {isa = PBXFileReference; fileEncoding = 4; lastKnownFileType = sourcecode.swift; path = "NoteEntity+CoreDataClass.swift"; sourceTree = "<group>"; };
		02A3F7961F1F3C7C004DEF99 /* NoteEntity+CoreDataProperties.swift */ = {isa = PBXFileReference; fileEncoding = 4; lastKnownFileType = sourcecode.swift; path = "NoteEntity+CoreDataProperties.swift"; sourceTree = "<group>"; };
		02A3F7AC1F1F6405004DEF99 /* Notes.xcdatamodel */ = {isa = PBXFileReference; lastKnownFileType = wrapper.xcdatamodel; path = Notes.xcdatamodel; sourceTree = "<group>"; };
		02A3F7AE1F1F6A5C004DEF99 /* Notes 2.xcdatamodel */ = {isa = PBXFileReference; lastKnownFileType = wrapper.xcdatamodel; path = "Notes 2.xcdatamodel"; sourceTree = "<group>"; };
		02A3F7AF1F1F75FC004DEF99 /* CoreDataTests.swift */ = {isa = PBXFileReference; fileEncoding = 4; lastKnownFileType = sourcecode.swift; path = CoreDataTests.swift; sourceTree = "<group>"; };
		02A3F7B11F1F82FC004DEF99 /* Variables.swift */ = {isa = PBXFileReference; fileEncoding = 4; lastKnownFileType = sourcecode.swift; path = Variables.swift; sourceTree = "<group>"; };
		02A3F7B31F1F86C1004DEF99 /* Notes 3.xcdatamodel */ = {isa = PBXFileReference; lastKnownFileType = wrapper.xcdatamodel; path = "Notes 3.xcdatamodel"; sourceTree = "<group>"; };
		02A3F7B81F1F888F004DEF99 /* Notes 2to3.xcmappingmodel */ = {isa = PBXFileReference; lastKnownFileType = wrapper.xcmappingmodel; path = "Notes 2to3.xcmappingmodel"; sourceTree = "<group>"; };
		02A3F7BC1F2073D4004DEF99 /* Notes 4.xcdatamodel */ = {isa = PBXFileReference; lastKnownFileType = wrapper.xcdatamodel; path = "Notes 4.xcdatamodel"; sourceTree = "<group>"; };
		02FCC2EA1F273A2200EB08B9 /* GetOperation.swift */ = {isa = PBXFileReference; fileEncoding = 4; lastKnownFileType = sourcecode.swift; path = GetOperation.swift; sourceTree = "<group>"; };
		02FCC2ED1F273E2C00EB08B9 /* BackendConfiguration.swift */ = {isa = PBXFileReference; fileEncoding = 4; lastKnownFileType = sourcecode.swift; path = BackendConfiguration.swift; sourceTree = "<group>"; };
		02FCC2EF1F273F8300EB08B9 /* PostOperation.swift */ = {isa = PBXFileReference; fileEncoding = 4; lastKnownFileType = sourcecode.swift; path = PostOperation.swift; sourceTree = "<group>"; };
		02FCC2F11F273F9400EB08B9 /* PutOperation.swift */ = {isa = PBXFileReference; fileEncoding = 4; lastKnownFileType = sourcecode.swift; path = PutOperation.swift; sourceTree = "<group>"; };
		02FCC2F31F273FA600EB08B9 /* DeleteOperation.swift */ = {isa = PBXFileReference; fileEncoding = 4; lastKnownFileType = sourcecode.swift; path = DeleteOperation.swift; sourceTree = "<group>"; };
		02FCC2F61F27643400EB08B9 /* LoginViewController.swift */ = {isa = PBXFileReference; fileEncoding = 4; lastKnownFileType = sourcecode.swift; path = LoginViewController.swift; sourceTree = "<group>"; };
		2CC92D00A970A5E280876990 /* Pods-NotesUITests.release.xcconfig */ = {isa = PBXFileReference; includeInIndex = 1; lastKnownFileType = text.xcconfig; name = "Pods-NotesUITests.release.xcconfig"; path = "Pods/Target Support Files/Pods-NotesUITests/Pods-NotesUITests.release.xcconfig"; sourceTree = "<group>"; };
		537F9F2465FEBC91A81EA97B /* Pods-NotesTests.debug.xcconfig */ = {isa = PBXFileReference; includeInIndex = 1; lastKnownFileType = text.xcconfig; name = "Pods-NotesTests.debug.xcconfig"; path = "Pods/Target Support Files/Pods-NotesTests/Pods-NotesTests.debug.xcconfig"; sourceTree = "<group>"; };
		56359DAF8DA5EC339E5CFC30 /* Pods-NotesUITests.debug.xcconfig */ = {isa = PBXFileReference; includeInIndex = 1; lastKnownFileType = text.xcconfig; name = "Pods-NotesUITests.debug.xcconfig"; path = "Pods/Target Support Files/Pods-NotesUITests/Pods-NotesUITests.debug.xcconfig"; sourceTree = "<group>"; };
		6AFF9D5B07681DD25D4A374B /* Pods-NotesTests.release.xcconfig */ = {isa = PBXFileReference; includeInIndex = 1; lastKnownFileType = text.xcconfig; name = "Pods-NotesTests.release.xcconfig"; path = "Pods/Target Support Files/Pods-NotesTests/Pods-NotesTests.release.xcconfig"; sourceTree = "<group>"; };
		8C22440DCC8DC2427C97DAAC /* Pods_Notes.framework */ = {isa = PBXFileReference; explicitFileType = wrapper.framework; includeInIndex = 0; path = Pods_Notes.framework; sourceTree = BUILT_PRODUCTS_DIR; };
		E13ABD83A152CCEA76B463A6 /* Pods-Notes.release.xcconfig */ = {isa = PBXFileReference; includeInIndex = 1; lastKnownFileType = text.xcconfig; name = "Pods-Notes.release.xcconfig"; path = "Pods/Target Support Files/Pods-Notes/Pods-Notes.release.xcconfig"; sourceTree = "<group>"; };
		F05E4155B4D5032A156A2A04 /* Pods_NotesTests.framework */ = {isa = PBXFileReference; explicitFileType = wrapper.framework; includeInIndex = 0; path = Pods_NotesTests.framework; sourceTree = BUILT_PRODUCTS_DIR; };
		F6DE359083B4DAF134BABA8D /* Pods-Notes.debug.xcconfig */ = {isa = PBXFileReference; includeInIndex = 1; lastKnownFileType = text.xcconfig; name = "Pods-Notes.debug.xcconfig"; path = "Pods/Target Support Files/Pods-Notes/Pods-Notes.debug.xcconfig"; sourceTree = "<group>"; };
		FF76875C7BCE9785FD1F65B3 /* Pods_NotesUITests.framework */ = {isa = PBXFileReference; explicitFileType = wrapper.framework; includeInIndex = 0; path = Pods_NotesUITests.framework; sourceTree = BUILT_PRODUCTS_DIR; };
/* End PBXFileReference section */

/* Begin PBXFrameworksBuildPhase section */
		0291867C1F150FFB001099DD /* Frameworks */ = {
			isa = PBXFrameworksBuildPhase;
			buildActionMask = 2147483647;
			files = (
				8D8BB4694D2E2C4A7715FDCC /* Pods_Notes.framework in Frameworks */,
			);
			runOnlyForDeploymentPostprocessing = 0;
		};
		029186931F150FFB001099DD /* Frameworks */ = {
			isa = PBXFrameworksBuildPhase;
			buildActionMask = 2147483647;
			files = (
				7A80E486B627A81278E16FF6 /* Pods_NotesTests.framework in Frameworks */,
			);
			runOnlyForDeploymentPostprocessing = 0;
		};
		0291869E1F150FFB001099DD /* Frameworks */ = {
			isa = PBXFrameworksBuildPhase;
			buildActionMask = 2147483647;
			files = (
				18CC4CC33911433E977722C3 /* Pods_NotesUITests.framework in Frameworks */,
			);
			runOnlyForDeploymentPostprocessing = 0;
		};
/* End PBXFrameworksBuildPhase section */

/* Begin PBXGroup section */
		0227A6191F1CD37300CFF062 /* Utils */ = {
			isa = PBXGroup;
			children = (
				02A3F78E1F1E28A5004DEF99 /* UIColorExtension.swift */,
				02A3F7901F1E28F4004DEF99 /* DateExtension.swift */,
				027042A41F21DAD90041D96B /* Injectable.swift */,
				027042AD1F2514020041D96B /* AsyncOperation.swift */,
			);
			name = Utils;
			sourceTree = "<group>";
		};
		023D3D681F26362900A889EC /* Operations */ = {
			isa = PBXGroup;
			children = (
				023D3D661F262F7B00A889EC /* EraseOutdatedOperation.swift */,
			);
			name = Operations;
			sourceTree = "<group>";
		};
		023D3D6A1F26387E00A889EC /* Operations */ = {
			isa = PBXGroup;
			children = (
				023D3D621F26010000A889EC /* UITableViewOperations.swift */,
			);
			name = Operations;
			sourceTree = "<group>";
		};
		023D3D6B1F26394600A889EC /* Application */ = {
			isa = PBXGroup;
			children = (
				029186821F150FFB001099DD /* AppDelegate.swift */,
			);
			name = Application;
			sourceTree = "<group>";
		};
		023D3D6C1F271BEE00A889EC /* Tests */ = {
			isa = PBXGroup;
			children = (
				0291869A1F150FFB001099DD /* NoteTests.swift */,
				029186B31F154D8F001099DD /* NotebookTests.swift */,
				02A3F7AF1F1F75FC004DEF99 /* CoreDataTests.swift */,
				029186BD1F1610E3001099DD /* UIColorExtensionTests.swift */,
			);
			name = Tests;
			sourceTree = "<group>";
		};
		024E05781F1DDFF8000FCD27 /* Note */ = {
			isa = PBXGroup;
			children = (
				029186B61F1554F9001099DD /* Note.swift */,
				024E056E1F1DD8B0000FCD27 /* Note+JSONConvertable.swift */,
			);
			name = Note;
			sourceTree = "<group>";
		};
		024E05791F1DE003000FCD27 /* Notebook */ = {
			isa = PBXGroup;
			children = (
				027042A81F223F070041D96B /* NoteCollection.swift */,
				029186B81F15550A001099DD /* Notebook.swift */,
				024E05741F1DDBFF000FCD27 /* Notebook+FileStorageSupport.swift */,
				024E05761F1DDD5B000FCD27 /* NotebookError.swift */,
			);
			name = Notebook;
			sourceTree = "<group>";
		};
		024E057A1F1DE650000FCD27 /* List */ = {
			isa = PBXGroup;
			children = (
				029186C01F164F62001099DD /* ListTableViewController.swift */,
				029186C61F16C704001099DD /* ListTableViewCell.swift */,
			);
			name = List;
			sourceTree = "<group>";
		};
		024E057B1F1DE69A000FCD27 /* Detail */ = {
			isa = PBXGroup;
			children = (
				029186C21F165543001099DD /* DetailViewController.swift */,
			);
			name = Detail;
			sourceTree = "<group>";
		};
		024E05801F1DE83C000FCD27 /* Core Data */ = {
			isa = PBXGroup;
			children = (
				027042B71F25D2130041D96B /* Operations */,
				02A3F7AB1F1F6405004DEF99 /* Notes.xcdatamodeld */,
				02A3F7B81F1F888F004DEF99 /* Notes 2to3.xcmappingmodel */,
				0275505E1F1DEFA3007E483F /* CoreDataManager.swift */,
				02A3F7951F1F3C7C004DEF99 /* NoteEntity+CoreDataClass.swift */,
				02A3F7961F1F3C7C004DEF99 /* NoteEntity+CoreDataProperties.swift */,
				02A3F7931F1F3C7C004DEF99 /* NotebookEntity+CoreDataClass.swift */,
				02A3F7941F1F3C7C004DEF99 /* NotebookEntity+CoreDataProperties.swift */,
			);
			name = "Core Data";
			sourceTree = "<group>";
		};
		027042AC1F239AEA0041D96B /* Dispatch */ = {
			isa = PBXGroup;
			children = (
				023D3D531F25D4BB00A889EC /* Dispatcher.swift */,
			);
			name = Dispatch;
			sourceTree = "<group>";
		};
		027042B71F25D2130041D96B /* Operations */ = {
			isa = PBXGroup;
			children = (
				027042AF1F25C11F0041D96B /* CoreDataOperationsManager.swift */,
				023D3D551F25E51C00A889EC /* FetchOperation.swift */,
				027042B11F25C73A0041D96B /* AddOperation.swift */,
				027042B51F25CCE80041D96B /* UpdateNoteOperation.swift */,
				027042B31F25CC6E0041D96B /* RemoveOperation.swift */,
			);
			name = Operations;
			sourceTree = "<group>";
		};
		029186761F150FFB001099DD = {
			isa = PBXGroup;
			children = (
				029186811F150FFB001099DD /* Notes */,
				029186991F150FFB001099DD /* NotesTests */,
				029186A41F150FFB001099DD /* NotesUITests */,
				029186801F150FFB001099DD /* Products */,
				F3EC00793D20885D48980B7F /* Pods */,
				776A2C712C29B472F93858AE /* Frameworks */,
			);
			sourceTree = "<group>";
		};
		029186801F150FFB001099DD /* Products */ = {
			isa = PBXGroup;
			children = (
				0291867F1F150FFB001099DD /* Notes.app */,
				029186961F150FFB001099DD /* NotesTests.xctest */,
				029186A11F150FFB001099DD /* NotesUITests.xctest */,
			);
			name = Products;
			sourceTree = "<group>";
		};
		029186811F150FFB001099DD /* Notes */ = {
			isa = PBXGroup;
			children = (
				023D3D6B1F26394600A889EC /* Application */,
				027042AC1F239AEA0041D96B /* Dispatch */,
				029186BF1F164F41001099DD /* UI */,
				029186B51F1554D9001099DD /* Model */,
				024E05801F1DE83C000FCD27 /* Core Data */,
				02FCC2EC1F273CE600EB08B9 /* Backend */,
				0227A6191F1CD37300CFF062 /* Utils */,
				029186911F150FFB001099DD /* Info.plist */,
			);
			path = Notes;
			sourceTree = "<group>";
		};
		029186991F150FFB001099DD /* NotesTests */ = {
			isa = PBXGroup;
			children = (
				02A3F7B11F1F82FC004DEF99 /* Variables.swift */,
				023D3D6C1F271BEE00A889EC /* Tests */,
				0291869C1F150FFB001099DD /* Info.plist */,
			);
			path = NotesTests;
			sourceTree = "<group>";
		};
		029186A41F150FFB001099DD /* NotesUITests */ = {
			isa = PBXGroup;
			children = (
				029186A51F150FFB001099DD /* NotesUITests.swift */,
				029186A71F150FFB001099DD /* Info.plist */,
			);
			path = NotesUITests;
			sourceTree = "<group>";
		};
		029186B51F1554D9001099DD /* Model */ = {
			isa = PBXGroup;
			children = (
				023D3D681F26362900A889EC /* Operations */,
				024E05781F1DDFF8000FCD27 /* Note */,
				024E05791F1DE003000FCD27 /* Notebook */,
			);
			name = Model;
			sourceTree = "<group>";
		};
		029186BF1F164F41001099DD /* UI */ = {
			isa = PBXGroup;
			children = (
				023D3D6A1F26387E00A889EC /* Operations */,
				02FCC2F51F2763FB00EB08B9 /* Login */,
				024E057A1F1DE650000FCD27 /* List */,
				024E057B1F1DE69A000FCD27 /* Detail */,
				0291868E1F150FFB001099DD /* LaunchScreen.storyboard */,
				029186861F150FFB001099DD /* Main.storyboard */,
				0291868C1F150FFB001099DD /* Assets.xcassets */,
			);
			name = UI;
			sourceTree = "<group>";
		};
		02FCC2E91F27390900EB08B9 /* Operations */ = {
			isa = PBXGroup;
			children = (
				02FCC2EA1F273A2200EB08B9 /* GetOperation.swift */,
				02FCC2EF1F273F8300EB08B9 /* PostOperation.swift */,
				02FCC2F11F273F9400EB08B9 /* PutOperation.swift */,
				02FCC2F31F273FA600EB08B9 /* DeleteOperation.swift */,
			);
			name = Operations;
			sourceTree = "<group>";
		};
		02FCC2EC1F273CE600EB08B9 /* Backend */ = {
			isa = PBXGroup;
			children = (
				02FCC2E91F27390900EB08B9 /* Operations */,
				02FCC2ED1F273E2C00EB08B9 /* BackendConfiguration.swift */,
			);
			name = Backend;
			sourceTree = "<group>";
		};
		02FCC2F51F2763FB00EB08B9 /* Login */ = {
			isa = PBXGroup;
			children = (
				02FCC2F61F27643400EB08B9 /* LoginViewController.swift */,
			);
			name = Login;
			sourceTree = "<group>";
		};
		776A2C712C29B472F93858AE /* Frameworks */ = {
			isa = PBXGroup;
			children = (
				8C22440DCC8DC2427C97DAAC /* Pods_Notes.framework */,
				F05E4155B4D5032A156A2A04 /* Pods_NotesTests.framework */,
				FF76875C7BCE9785FD1F65B3 /* Pods_NotesUITests.framework */,
			);
			name = Frameworks;
			sourceTree = "<group>";
		};
		F3EC00793D20885D48980B7F /* Pods */ = {
			isa = PBXGroup;
			children = (
				F6DE359083B4DAF134BABA8D /* Pods-Notes.debug.xcconfig */,
				E13ABD83A152CCEA76B463A6 /* Pods-Notes.release.xcconfig */,
				537F9F2465FEBC91A81EA97B /* Pods-NotesTests.debug.xcconfig */,
				6AFF9D5B07681DD25D4A374B /* Pods-NotesTests.release.xcconfig */,
				56359DAF8DA5EC339E5CFC30 /* Pods-NotesUITests.debug.xcconfig */,
				2CC92D00A970A5E280876990 /* Pods-NotesUITests.release.xcconfig */,
			);
			name = Pods;
			sourceTree = "<group>";
		};
/* End PBXGroup section */

/* Begin PBXNativeTarget section */
		0291867E1F150FFB001099DD /* Notes */ = {
			isa = PBXNativeTarget;
			buildConfigurationList = 029186AA1F150FFB001099DD /* Build configuration list for PBXNativeTarget "Notes" */;
			buildPhases = (
				8A1BADE624F57DF47BAB43FF /* [CP] Check Pods Manifest.lock */,
				0291867B1F150FFB001099DD /* Sources */,
				0291867C1F150FFB001099DD /* Frameworks */,
				0291867D1F150FFB001099DD /* Resources */,
				63EF5D7DCC5DF2A2667B2B66 /* [CP] Embed Pods Frameworks */,
				8EE2386A03C05A54F31F25E0 /* [CP] Copy Pods Resources */,
			);
			buildRules = (
			);
			dependencies = (
			);
			name = Notes;
			productName = Notes;
			productReference = 0291867F1F150FFB001099DD /* Notes.app */;
			productType = "com.apple.product-type.application";
		};
		029186951F150FFB001099DD /* NotesTests */ = {
			isa = PBXNativeTarget;
			buildConfigurationList = 029186AD1F150FFB001099DD /* Build configuration list for PBXNativeTarget "NotesTests" */;
			buildPhases = (
				DA02234B1F73A4F41BAB9B30 /* [CP] Check Pods Manifest.lock */,
				029186921F150FFB001099DD /* Sources */,
				029186931F150FFB001099DD /* Frameworks */,
				029186941F150FFB001099DD /* Resources */,
				12B12284BF8DC0FCEAACCCCD /* [CP] Embed Pods Frameworks */,
				42BF9FA565FCB9CA72CDD949 /* [CP] Copy Pods Resources */,
			);
			buildRules = (
			);
			dependencies = (
				029186981F150FFB001099DD /* PBXTargetDependency */,
			);
			name = NotesTests;
			productName = NotesTests;
			productReference = 029186961F150FFB001099DD /* NotesTests.xctest */;
			productType = "com.apple.product-type.bundle.unit-test";
		};
		029186A01F150FFB001099DD /* NotesUITests */ = {
			isa = PBXNativeTarget;
			buildConfigurationList = 029186B01F150FFB001099DD /* Build configuration list for PBXNativeTarget "NotesUITests" */;
			buildPhases = (
				291A57E05EA97B01259D6F90 /* [CP] Check Pods Manifest.lock */,
				0291869D1F150FFB001099DD /* Sources */,
				0291869E1F150FFB001099DD /* Frameworks */,
				0291869F1F150FFB001099DD /* Resources */,
				1B9601DD661FA748B45DF68C /* [CP] Embed Pods Frameworks */,
				BC35EB258C49280383E0D690 /* [CP] Copy Pods Resources */,
			);
			buildRules = (
			);
			dependencies = (
				029186A31F150FFB001099DD /* PBXTargetDependency */,
			);
			name = NotesUITests;
			productName = NotesUITests;
			productReference = 029186A11F150FFB001099DD /* NotesUITests.xctest */;
			productType = "com.apple.product-type.bundle.ui-testing";
		};
/* End PBXNativeTarget section */

/* Begin PBXProject section */
		029186771F150FFB001099DD /* Project object */ = {
			isa = PBXProject;
			attributes = {
				LastSwiftUpdateCheck = 0830;
				LastUpgradeCheck = 0830;
				ORGANIZATIONNAME = "Anton Fresher";
				TargetAttributes = {
					0291867E1F150FFB001099DD = {
						CreatedOnToolsVersion = 8.3.3;
						DevelopmentTeam = 6463LE2GCC;
						ProvisioningStyle = Automatic;
					};
					029186951F150FFB001099DD = {
						CreatedOnToolsVersion = 8.3.3;
						DevelopmentTeam = 6463LE2GCC;
						ProvisioningStyle = Automatic;
						TestTargetID = 0291867E1F150FFB001099DD;
					};
					029186A01F150FFB001099DD = {
						CreatedOnToolsVersion = 8.3.3;
						DevelopmentTeam = 6463LE2GCC;
						ProvisioningStyle = Automatic;
						TestTargetID = 0291867E1F150FFB001099DD;
					};
				};
			};
			buildConfigurationList = 0291867A1F150FFB001099DD /* Build configuration list for PBXProject "Notes" */;
			compatibilityVersion = "Xcode 3.2";
			developmentRegion = English;
			hasScannedForEncodings = 0;
			knownRegions = (
				en,
				Base,
			);
			mainGroup = 029186761F150FFB001099DD;
			productRefGroup = 029186801F150FFB001099DD /* Products */;
			projectDirPath = "";
			projectRoot = "";
			targets = (
				0291867E1F150FFB001099DD /* Notes */,
				029186951F150FFB001099DD /* NotesTests */,
				029186A01F150FFB001099DD /* NotesUITests */,
			);
		};
/* End PBXProject section */

/* Begin PBXResourcesBuildPhase section */
		0291867D1F150FFB001099DD /* Resources */ = {
			isa = PBXResourcesBuildPhase;
			buildActionMask = 2147483647;
			files = (
				029186901F150FFB001099DD /* LaunchScreen.storyboard in Resources */,
				0291868D1F150FFB001099DD /* Assets.xcassets in Resources */,
				029186881F150FFB001099DD /* Main.storyboard in Resources */,
			);
			runOnlyForDeploymentPostprocessing = 0;
		};
		029186941F150FFB001099DD /* Resources */ = {
			isa = PBXResourcesBuildPhase;
			buildActionMask = 2147483647;
			files = (
			);
			runOnlyForDeploymentPostprocessing = 0;
		};
		0291869F1F150FFB001099DD /* Resources */ = {
			isa = PBXResourcesBuildPhase;
			buildActionMask = 2147483647;
			files = (
			);
			runOnlyForDeploymentPostprocessing = 0;
		};
/* End PBXResourcesBuildPhase section */

/* Begin PBXShellScriptBuildPhase section */
		12B12284BF8DC0FCEAACCCCD /* [CP] Embed Pods Frameworks */ = {
			isa = PBXShellScriptBuildPhase;
			buildActionMask = 2147483647;
			files = (
			);
			inputPaths = (
			);
			name = "[CP] Embed Pods Frameworks";
			outputPaths = (
			);
			runOnlyForDeploymentPostprocessing = 0;
			shellPath = /bin/sh;
			shellScript = "\"${SRCROOT}/Pods/Target Support Files/Pods-NotesTests/Pods-NotesTests-frameworks.sh\"\n";
			showEnvVarsInLog = 0;
		};
		1B9601DD661FA748B45DF68C /* [CP] Embed Pods Frameworks */ = {
			isa = PBXShellScriptBuildPhase;
			buildActionMask = 2147483647;
			files = (
			);
			inputPaths = (
			);
			name = "[CP] Embed Pods Frameworks";
			outputPaths = (
			);
			runOnlyForDeploymentPostprocessing = 0;
			shellPath = /bin/sh;
			shellScript = "\"${SRCROOT}/Pods/Target Support Files/Pods-NotesUITests/Pods-NotesUITests-frameworks.sh\"\n";
			showEnvVarsInLog = 0;
		};
		291A57E05EA97B01259D6F90 /* [CP] Check Pods Manifest.lock */ = {
			isa = PBXShellScriptBuildPhase;
			buildActionMask = 2147483647;
			files = (
			);
			inputPaths = (
			);
			name = "[CP] Check Pods Manifest.lock";
			outputPaths = (
			);
			runOnlyForDeploymentPostprocessing = 0;
			shellPath = /bin/sh;
			shellScript = "diff \"${PODS_PODFILE_DIR_PATH}/Podfile.lock\" \"${PODS_ROOT}/Manifest.lock\" > /dev/null\nif [ $? != 0 ] ; then\n    # print error to STDERR\n    echo \"error: The sandbox is not in sync with the Podfile.lock. Run 'pod install' or update your CocoaPods installation.\" >&2\n    exit 1\nfi\n";
			showEnvVarsInLog = 0;
		};
		42BF9FA565FCB9CA72CDD949 /* [CP] Copy Pods Resources */ = {
			isa = PBXShellScriptBuildPhase;
			buildActionMask = 2147483647;
			files = (
			);
			inputPaths = (
			);
			name = "[CP] Copy Pods Resources";
			outputPaths = (
			);
			runOnlyForDeploymentPostprocessing = 0;
			shellPath = /bin/sh;
			shellScript = "\"${SRCROOT}/Pods/Target Support Files/Pods-NotesTests/Pods-NotesTests-resources.sh\"\n";
			showEnvVarsInLog = 0;
		};
		63EF5D7DCC5DF2A2667B2B66 /* [CP] Embed Pods Frameworks */ = {
			isa = PBXShellScriptBuildPhase;
			buildActionMask = 2147483647;
			files = (
			);
			inputPaths = (
			);
			name = "[CP] Embed Pods Frameworks";
			outputPaths = (
			);
			runOnlyForDeploymentPostprocessing = 0;
			shellPath = /bin/sh;
			shellScript = "\"${SRCROOT}/Pods/Target Support Files/Pods-Notes/Pods-Notes-frameworks.sh\"\n";
			showEnvVarsInLog = 0;
		};
		8A1BADE624F57DF47BAB43FF /* [CP] Check Pods Manifest.lock */ = {
			isa = PBXShellScriptBuildPhase;
			buildActionMask = 2147483647;
			files = (
			);
			inputPaths = (
			);
			name = "[CP] Check Pods Manifest.lock";
			outputPaths = (
			);
			runOnlyForDeploymentPostprocessing = 0;
			shellPath = /bin/sh;
			shellScript = "diff \"${PODS_PODFILE_DIR_PATH}/Podfile.lock\" \"${PODS_ROOT}/Manifest.lock\" > /dev/null\nif [ $? != 0 ] ; then\n    # print error to STDERR\n    echo \"error: The sandbox is not in sync with the Podfile.lock. Run 'pod install' or update your CocoaPods installation.\" >&2\n    exit 1\nfi\n";
			showEnvVarsInLog = 0;
		};
		8EE2386A03C05A54F31F25E0 /* [CP] Copy Pods Resources */ = {
			isa = PBXShellScriptBuildPhase;
			buildActionMask = 2147483647;
			files = (
			);
			inputPaths = (
			);
			name = "[CP] Copy Pods Resources";
			outputPaths = (
			);
			runOnlyForDeploymentPostprocessing = 0;
			shellPath = /bin/sh;
			shellScript = "\"${SRCROOT}/Pods/Target Support Files/Pods-Notes/Pods-Notes-resources.sh\"\n";
			showEnvVarsInLog = 0;
		};
		BC35EB258C49280383E0D690 /* [CP] Copy Pods Resources */ = {
			isa = PBXShellScriptBuildPhase;
			buildActionMask = 2147483647;
			files = (
			);
			inputPaths = (
			);
			name = "[CP] Copy Pods Resources";
			outputPaths = (
			);
			runOnlyForDeploymentPostprocessing = 0;
			shellPath = /bin/sh;
			shellScript = "\"${SRCROOT}/Pods/Target Support Files/Pods-NotesUITests/Pods-NotesUITests-resources.sh\"\n";
			showEnvVarsInLog = 0;
		};
		DA02234B1F73A4F41BAB9B30 /* [CP] Check Pods Manifest.lock */ = {
			isa = PBXShellScriptBuildPhase;
			buildActionMask = 2147483647;
			files = (
			);
			inputPaths = (
			);
			name = "[CP] Check Pods Manifest.lock";
			outputPaths = (
			);
			runOnlyForDeploymentPostprocessing = 0;
			shellPath = /bin/sh;
			shellScript = "diff \"${PODS_PODFILE_DIR_PATH}/Podfile.lock\" \"${PODS_ROOT}/Manifest.lock\" > /dev/null\nif [ $? != 0 ] ; then\n    # print error to STDERR\n    echo \"error: The sandbox is not in sync with the Podfile.lock. Run 'pod install' or update your CocoaPods installation.\" >&2\n    exit 1\nfi\n";
			showEnvVarsInLog = 0;
		};
/* End PBXShellScriptBuildPhase section */

/* Begin PBXSourcesBuildPhase section */
		0291867B1F150FFB001099DD /* Sources */ = {
			isa = PBXSourcesBuildPhase;
			buildActionMask = 2147483647;
			files = (
				023D3D541F25D4BB00A889EC /* Dispatcher.swift in Sources */,
				027042B41F25CC6E0041D96B /* RemoveOperation.swift in Sources */,
				024E05771F1DDD5B000FCD27 /* NotebookError.swift in Sources */,
				027042B21F25C73A0041D96B /* AddOperation.swift in Sources */,
				02A3F78F1F1E28A5004DEF99 /* UIColorExtension.swift in Sources */,
				02FCC2F01F273F8300EB08B9 /* PostOperation.swift in Sources */,
				023D3D561F25E51C00A889EC /* FetchOperation.swift in Sources */,
				027042B01F25C11F0041D96B /* CoreDataOperationsManager.swift in Sources */,
				02FCC2EE1F273E2C00EB08B9 /* BackendConfiguration.swift in Sources */,
				02A3F79A1F1F3C7C004DEF99 /* NoteEntity+CoreDataProperties.swift in Sources */,
				02FCC2F21F273F9400EB08B9 /* PutOperation.swift in Sources */,
				0275505F1F1DEFA3007E483F /* CoreDataManager.swift in Sources */,
				027042B61F25CCE80041D96B /* UpdateNoteOperation.swift in Sources */,
				029186C71F16C704001099DD /* ListTableViewCell.swift in Sources */,
				027042A91F223F070041D96B /* NoteCollection.swift in Sources */,
				02A3F7991F1F3C7C004DEF99 /* NoteEntity+CoreDataClass.swift in Sources */,
				02A3F7911F1E28F4004DEF99 /* DateExtension.swift in Sources */,
				02FCC2EB1F273A2200EB08B9 /* GetOperation.swift in Sources */,
				02A3F7AD1F1F6405004DEF99 /* Notes.xcdatamodeld in Sources */,
				02A3F7B91F1F888F004DEF99 /* Notes 2to3.xcmappingmodel in Sources */,
				02FCC2F41F273FA600EB08B9 /* DeleteOperation.swift in Sources */,
				024E05751F1DDBFF000FCD27 /* Notebook+FileStorageSupport.swift in Sources */,
				023D3D671F262F7B00A889EC /* EraseOutdatedOperation.swift in Sources */,
				029186C31F165543001099DD /* DetailViewController.swift in Sources */,
				024E056F1F1DD8B0000FCD27 /* Note+JSONConvertable.swift in Sources */,
				027042AE1F2514020041D96B /* AsyncOperation.swift in Sources */,
				029186831F150FFB001099DD /* AppDelegate.swift in Sources */,
				027042A51F21DAD90041D96B /* Injectable.swift in Sources */,
				02FCC2F71F27643400EB08B9 /* LoginViewController.swift in Sources */,
				02A3F7971F1F3C7C004DEF99 /* NotebookEntity+CoreDataClass.swift in Sources */,
				023D3D631F26010000A889EC /* UITableViewOperations.swift in Sources */,
				029186B91F15550A001099DD /* Notebook.swift in Sources */,
				02A3F7981F1F3C7C004DEF99 /* NotebookEntity+CoreDataProperties.swift in Sources */,
				029186B71F1554F9001099DD /* Note.swift in Sources */,
				029186C11F164F62001099DD /* ListTableViewController.swift in Sources */,
			);
			runOnlyForDeploymentPostprocessing = 0;
		};
		029186921F150FFB001099DD /* Sources */ = {
			isa = PBXSourcesBuildPhase;
			buildActionMask = 2147483647;
			files = (
				02A3F7B21F1F82FC004DEF99 /* Variables.swift in Sources */,
				02A3F7B01F1F75FC004DEF99 /* CoreDataTests.swift in Sources */,
				029186B41F154D8F001099DD /* NotebookTests.swift in Sources */,
				029186BE1F1610E3001099DD /* UIColorExtensionTests.swift in Sources */,
				0291869B1F150FFB001099DD /* NoteTests.swift in Sources */,
			);
			runOnlyForDeploymentPostprocessing = 0;
		};
		0291869D1F150FFB001099DD /* Sources */ = {
			isa = PBXSourcesBuildPhase;
			buildActionMask = 2147483647;
			files = (
				029186A61F150FFB001099DD /* NotesUITests.swift in Sources */,
			);
			runOnlyForDeploymentPostprocessing = 0;
		};
/* End PBXSourcesBuildPhase section */

/* Begin PBXTargetDependency section */
		029186981F150FFB001099DD /* PBXTargetDependency */ = {
			isa = PBXTargetDependency;
			target = 0291867E1F150FFB001099DD /* Notes */;
			targetProxy = 029186971F150FFB001099DD /* PBXContainerItemProxy */;
		};
		029186A31F150FFB001099DD /* PBXTargetDependency */ = {
			isa = PBXTargetDependency;
			target = 0291867E1F150FFB001099DD /* Notes */;
			targetProxy = 029186A21F150FFB001099DD /* PBXContainerItemProxy */;
		};
/* End PBXTargetDependency section */

/* Begin PBXVariantGroup section */
		029186861F150FFB001099DD /* Main.storyboard */ = {
			isa = PBXVariantGroup;
			children = (
				029186871F150FFB001099DD /* Base */,
			);
			name = Main.storyboard;
			sourceTree = "<group>";
		};
		0291868E1F150FFB001099DD /* LaunchScreen.storyboard */ = {
			isa = PBXVariantGroup;
			children = (
				0291868F1F150FFB001099DD /* Base */,
			);
			name = LaunchScreen.storyboard;
			sourceTree = "<group>";
		};
/* End PBXVariantGroup section */

/* Begin XCBuildConfiguration section */
		029186A81F150FFB001099DD /* Debug */ = {
			isa = XCBuildConfiguration;
			buildSettings = {
				ALWAYS_SEARCH_USER_PATHS = NO;
				CLANG_ANALYZER_NONNULL = YES;
				CLANG_ANALYZER_NUMBER_OBJECT_CONVERSION = YES_AGGRESSIVE;
				CLANG_CXX_LANGUAGE_STANDARD = "gnu++0x";
				CLANG_CXX_LIBRARY = "libc++";
				CLANG_ENABLE_MODULES = YES;
				CLANG_ENABLE_OBJC_ARC = YES;
				CLANG_WARN_BOOL_CONVERSION = YES;
				CLANG_WARN_CONSTANT_CONVERSION = YES;
				CLANG_WARN_DIRECT_OBJC_ISA_USAGE = YES_ERROR;
				CLANG_WARN_DOCUMENTATION_COMMENTS = YES;
				CLANG_WARN_EMPTY_BODY = YES;
				CLANG_WARN_ENUM_CONVERSION = YES;
				CLANG_WARN_INFINITE_RECURSION = YES;
				CLANG_WARN_INT_CONVERSION = YES;
				CLANG_WARN_OBJC_ROOT_CLASS = YES_ERROR;
				CLANG_WARN_SUSPICIOUS_MOVE = YES;
				CLANG_WARN_UNREACHABLE_CODE = YES;
				CLANG_WARN__DUPLICATE_METHOD_MATCH = YES;
				"CODE_SIGN_IDENTITY[sdk=iphoneos*]" = "iPhone Developer";
				COPY_PHASE_STRIP = NO;
				DEBUG_INFORMATION_FORMAT = dwarf;
				ENABLE_STRICT_OBJC_MSGSEND = YES;
				ENABLE_TESTABILITY = YES;
				GCC_C_LANGUAGE_STANDARD = gnu99;
				GCC_DYNAMIC_NO_PIC = NO;
				GCC_NO_COMMON_BLOCKS = YES;
				GCC_OPTIMIZATION_LEVEL = 0;
				GCC_PREPROCESSOR_DEFINITIONS = (
					"DEBUG=1",
					"$(inherited)",
				);
				GCC_WARN_64_TO_32_BIT_CONVERSION = YES;
				GCC_WARN_ABOUT_RETURN_TYPE = YES_ERROR;
				GCC_WARN_UNDECLARED_SELECTOR = YES;
				GCC_WARN_UNINITIALIZED_AUTOS = YES_AGGRESSIVE;
				GCC_WARN_UNUSED_FUNCTION = YES;
				GCC_WARN_UNUSED_VARIABLE = YES;
				IPHONEOS_DEPLOYMENT_TARGET = 10.3;
				MTL_ENABLE_DEBUG_INFO = YES;
				ONLY_ACTIVE_ARCH = YES;
				SDKROOT = iphoneos;
				SWIFT_ACTIVE_COMPILATION_CONDITIONS = DEBUG;
				SWIFT_OPTIMIZATION_LEVEL = "-Onone";
				TARGETED_DEVICE_FAMILY = "1,2";
			};
			name = Debug;
		};
		029186A91F150FFB001099DD /* Release */ = {
			isa = XCBuildConfiguration;
			buildSettings = {
				ALWAYS_SEARCH_USER_PATHS = NO;
				CLANG_ANALYZER_NONNULL = YES;
				CLANG_ANALYZER_NUMBER_OBJECT_CONVERSION = YES_AGGRESSIVE;
				CLANG_CXX_LANGUAGE_STANDARD = "gnu++0x";
				CLANG_CXX_LIBRARY = "libc++";
				CLANG_ENABLE_MODULES = YES;
				CLANG_ENABLE_OBJC_ARC = YES;
				CLANG_WARN_BOOL_CONVERSION = YES;
				CLANG_WARN_CONSTANT_CONVERSION = YES;
				CLANG_WARN_DIRECT_OBJC_ISA_USAGE = YES_ERROR;
				CLANG_WARN_DOCUMENTATION_COMMENTS = YES;
				CLANG_WARN_EMPTY_BODY = YES;
				CLANG_WARN_ENUM_CONVERSION = YES;
				CLANG_WARN_INFINITE_RECURSION = YES;
				CLANG_WARN_INT_CONVERSION = YES;
				CLANG_WARN_OBJC_ROOT_CLASS = YES_ERROR;
				CLANG_WARN_SUSPICIOUS_MOVE = YES;
				CLANG_WARN_UNREACHABLE_CODE = YES;
				CLANG_WARN__DUPLICATE_METHOD_MATCH = YES;
				"CODE_SIGN_IDENTITY[sdk=iphoneos*]" = "iPhone Developer";
				COPY_PHASE_STRIP = NO;
				DEBUG_INFORMATION_FORMAT = "dwarf-with-dsym";
				ENABLE_NS_ASSERTIONS = NO;
				ENABLE_STRICT_OBJC_MSGSEND = YES;
				GCC_C_LANGUAGE_STANDARD = gnu99;
				GCC_NO_COMMON_BLOCKS = YES;
				GCC_WARN_64_TO_32_BIT_CONVERSION = YES;
				GCC_WARN_ABOUT_RETURN_TYPE = YES_ERROR;
				GCC_WARN_UNDECLARED_SELECTOR = YES;
				GCC_WARN_UNINITIALIZED_AUTOS = YES_AGGRESSIVE;
				GCC_WARN_UNUSED_FUNCTION = YES;
				GCC_WARN_UNUSED_VARIABLE = YES;
				IPHONEOS_DEPLOYMENT_TARGET = 10.3;
				MTL_ENABLE_DEBUG_INFO = NO;
				SDKROOT = iphoneos;
				SWIFT_OPTIMIZATION_LEVEL = "-Owholemodule";
				TARGETED_DEVICE_FAMILY = "1,2";
				VALIDATE_PRODUCT = YES;
			};
			name = Release;
		};
		029186AB1F150FFB001099DD /* Debug */ = {
			isa = XCBuildConfiguration;
			baseConfigurationReference = F6DE359083B4DAF134BABA8D /* Pods-Notes.debug.xcconfig */;
			buildSettings = {
				ASSETCATALOG_COMPILER_APPICON_NAME = AppIcon;
				DEVELOPMENT_TEAM = 6463LE2GCC;
				INFOPLIST_FILE = Notes/Info.plist;
				LD_RUNPATH_SEARCH_PATHS = "$(inherited) @executable_path/Frameworks";
				PRODUCT_BUNDLE_IDENTIFIER = "ru.yandex-team.fresher.Notes";
				PRODUCT_NAME = "$(TARGET_NAME)";
				SWIFT_VERSION = 3.0;
			};
			name = Debug;
		};
		029186AC1F150FFB001099DD /* Release */ = {
			isa = XCBuildConfiguration;
			baseConfigurationReference = E13ABD83A152CCEA76B463A6 /* Pods-Notes.release.xcconfig */;
			buildSettings = {
				ASSETCATALOG_COMPILER_APPICON_NAME = AppIcon;
				DEVELOPMENT_TEAM = 6463LE2GCC;
				INFOPLIST_FILE = Notes/Info.plist;
				LD_RUNPATH_SEARCH_PATHS = "$(inherited) @executable_path/Frameworks";
				PRODUCT_BUNDLE_IDENTIFIER = "ru.yandex-team.fresher.Notes";
				PRODUCT_NAME = "$(TARGET_NAME)";
				SWIFT_VERSION = 3.0;
			};
			name = Release;
		};
		029186AE1F150FFB001099DD /* Debug */ = {
			isa = XCBuildConfiguration;
			baseConfigurationReference = 537F9F2465FEBC91A81EA97B /* Pods-NotesTests.debug.xcconfig */;
			buildSettings = {
				ALWAYS_EMBED_SWIFT_STANDARD_LIBRARIES = YES;
				BUNDLE_LOADER = "$(TEST_HOST)";
				DEVELOPMENT_TEAM = 6463LE2GCC;
				INFOPLIST_FILE = NotesTests/Info.plist;
				LD_RUNPATH_SEARCH_PATHS = "$(inherited) @executable_path/Frameworks @loader_path/Frameworks";
				PRODUCT_BUNDLE_IDENTIFIER = "ru.yandex-team.fresher.NotesTests";
				PRODUCT_NAME = "$(TARGET_NAME)";
				SWIFT_VERSION = 3.0;
				TEST_HOST = "$(BUILT_PRODUCTS_DIR)/Notes.app/Notes";
			};
			name = Debug;
		};
		029186AF1F150FFB001099DD /* Release */ = {
			isa = XCBuildConfiguration;
			baseConfigurationReference = 6AFF9D5B07681DD25D4A374B /* Pods-NotesTests.release.xcconfig */;
			buildSettings = {
				ALWAYS_EMBED_SWIFT_STANDARD_LIBRARIES = YES;
				BUNDLE_LOADER = "$(TEST_HOST)";
				DEVELOPMENT_TEAM = 6463LE2GCC;
				INFOPLIST_FILE = NotesTests/Info.plist;
				LD_RUNPATH_SEARCH_PATHS = "$(inherited) @executable_path/Frameworks @loader_path/Frameworks";
				PRODUCT_BUNDLE_IDENTIFIER = "ru.yandex-team.fresher.NotesTests";
				PRODUCT_NAME = "$(TARGET_NAME)";
				SWIFT_VERSION = 3.0;
				TEST_HOST = "$(BUILT_PRODUCTS_DIR)/Notes.app/Notes";
			};
			name = Release;
		};
		029186B11F150FFB001099DD /* Debug */ = {
			isa = XCBuildConfiguration;
			baseConfigurationReference = 56359DAF8DA5EC339E5CFC30 /* Pods-NotesUITests.debug.xcconfig */;
			buildSettings = {
				ALWAYS_EMBED_SWIFT_STANDARD_LIBRARIES = YES;
				DEVELOPMENT_TEAM = 6463LE2GCC;
				INFOPLIST_FILE = NotesUITests/Info.plist;
				LD_RUNPATH_SEARCH_PATHS = "$(inherited) @executable_path/Frameworks @loader_path/Frameworks";
				PRODUCT_BUNDLE_IDENTIFIER = "ru.yandex-team.fresher.NotesUITests";
				PRODUCT_NAME = "$(TARGET_NAME)";
				SWIFT_VERSION = 3.0;
				TEST_TARGET_NAME = Notes;
			};
			name = Debug;
		};
		029186B21F150FFB001099DD /* Release */ = {
			isa = XCBuildConfiguration;
			baseConfigurationReference = 2CC92D00A970A5E280876990 /* Pods-NotesUITests.release.xcconfig */;
			buildSettings = {
				ALWAYS_EMBED_SWIFT_STANDARD_LIBRARIES = YES;
				DEVELOPMENT_TEAM = 6463LE2GCC;
				INFOPLIST_FILE = NotesUITests/Info.plist;
				LD_RUNPATH_SEARCH_PATHS = "$(inherited) @executable_path/Frameworks @loader_path/Frameworks";
				PRODUCT_BUNDLE_IDENTIFIER = "ru.yandex-team.fresher.NotesUITests";
				PRODUCT_NAME = "$(TARGET_NAME)";
				SWIFT_VERSION = 3.0;
				TEST_TARGET_NAME = Notes;
			};
			name = Release;
		};
/* End XCBuildConfiguration section */

/* Begin XCConfigurationList section */
		0291867A1F150FFB001099DD /* Build configuration list for PBXProject "Notes" */ = {
			isa = XCConfigurationList;
			buildConfigurations = (
				029186A81F150FFB001099DD /* Debug */,
				029186A91F150FFB001099DD /* Release */,
			);
			defaultConfigurationIsVisible = 0;
			defaultConfigurationName = Release;
		};
		029186AA1F150FFB001099DD /* Build configuration list for PBXNativeTarget "Notes" */ = {
			isa = XCConfigurationList;
			buildConfigurations = (
				029186AB1F150FFB001099DD /* Debug */,
				029186AC1F150FFB001099DD /* Release */,
			);
			defaultConfigurationIsVisible = 0;
			defaultConfigurationName = Release;
		};
		029186AD1F150FFB001099DD /* Build configuration list for PBXNativeTarget "NotesTests" */ = {
			isa = XCConfigurationList;
			buildConfigurations = (
				029186AE1F150FFB001099DD /* Debug */,
				029186AF1F150FFB001099DD /* Release */,
			);
			defaultConfigurationIsVisible = 0;
			defaultConfigurationName = Release;
		};
		029186B01F150FFB001099DD /* Build configuration list for PBXNativeTarget "NotesUITests" */ = {
			isa = XCConfigurationList;
			buildConfigurations = (
				029186B11F150FFB001099DD /* Debug */,
				029186B21F150FFB001099DD /* Release */,
			);
			defaultConfigurationIsVisible = 0;
			defaultConfigurationName = Release;
		};
/* End XCConfigurationList section */

/* Begin XCVersionGroup section */
		02A3F7AB1F1F6405004DEF99 /* Notes.xcdatamodeld */ = {
			isa = XCVersionGroup;
			children = (
				027042A31F2096810041D96B /* Notes 5.xcdatamodel */,
				02A3F7BC1F2073D4004DEF99 /* Notes 4.xcdatamodel */,
				02A3F7B31F1F86C1004DEF99 /* Notes 3.xcdatamodel */,
				02A3F7AE1F1F6A5C004DEF99 /* Notes 2.xcdatamodel */,
				02A3F7AC1F1F6405004DEF99 /* Notes.xcdatamodel */,
			);
			currentVersion = 027042A31F2096810041D96B /* Notes 5.xcdatamodel */;
			path = Notes.xcdatamodeld;
			sourceTree = "<group>";
			versionGroupType = wrapper.xcdatamodel;
			wrapsLines = 1;
		};
/* End XCVersionGroup section */
	};
	rootObject = 029186771F150FFB001099DD /* Project object */;
}
